{
  "name": "Gluwacoin",
  "lockfileVersion": 2,
  "requires": true,
  "packages": {
    "": {
      "dependencies": {
        "@openzeppelin/contracts-upgradeable": "^4.7.3"
      }
    },
    "node_modules/@openzeppelin/contracts-upgradeable": {
      "version": "4.7.3",
      "resolved": "https://registry.npmjs.org/@openzeppelin/contracts-upgradeable/-/contracts-upgradeable-4.7.3.tgz",
      "integrity": "sha512-+wuegAMaLcZnLCJIvrVUDzA9z/Wp93f0Dla/4jJvIhijRrPabjQbZe6fWiECLaJyfn5ci9fqf9vTw3xpQOad2A=="
    }
  },
  "dependencies": {
    "@openzeppelin/contracts-upgradeable": {
      "version": "4.7.3",
      "resolved": "https://registry.npmjs.org/@openzeppelin/contracts-upgradeable/-/contracts-upgradeable-4.7.3.tgz",
      "integrity": "sha512-+wuegAMaLcZnLCJIvrVUDzA9z/Wp93f0Dla/4jJvIhijRrPabjQbZe6fWiECLaJyfn5ci9fqf9vTw3xpQOad2A=="
    }
  }
}
