{
  "name": "Gluwacoin",
  "lockfileVersion": 2,
  "requires": true,
  "packages": {
    "": {
      "dependencies": {
        "@openzeppelin/contracts-upgradeable": "^4.9.3"
      }
    },
    "node_modules/@openzeppelin/contracts-upgradeable": {
      "version": "4.9.3",
      "resolved": "https://registry.npmjs.org/@openzeppelin/contracts-upgradeable/-/contracts-upgradeable-4.9.3.tgz",
      "integrity": "sha512-jjaHAVRMrE4UuZNfDwjlLGDxTHWIOwTJS2ldnc278a0gevfXfPr8hxKEVBGFBE96kl2G3VHDZhUimw/+G3TG2A=="
    }
  },
  "dependencies": {
    "@openzeppelin/contracts-upgradeable": {
      "version": "4.9.3",
      "resolved": "https://registry.npmjs.org/@openzeppelin/contracts-upgradeable/-/contracts-upgradeable-4.9.3.tgz",
      "integrity": "sha512-jjaHAVRMrE4UuZNfDwjlLGDxTHWIOwTJS2ldnc278a0gevfXfPr8hxKEVBGFBE96kl2G3VHDZhUimw/+G3TG2A=="
    }
  }
}
